
Microsoft Visual Studio Solution File, Format Version 12.00
# Visual Studio Version 16
VisualStudioVersion = 16.0.31911.196
MinimumVisualStudioVersion = 10.0.40219.1
Project("{FAE04EC0-301F-11D3-BF4B-00C04F79EFBC}") = "CMPG323Project2", "CMPG323Project2\CMPG323Project2.csproj", "{D852B95A-E11F-4AF7-8ABF-05D023354604}"
EndProject
Global
	GlobalSection(SolutionConfigurationPlatforms) = preSolution
		Debug|Any CPU = Debug|Any CPU
		Release|Any CPU = Release|Any CPU
	EndGlobalSection
	GlobalSection(ProjectConfigurationPlatforms) = postSolution
		{D852B95A-E11F-4AF7-8ABF-05D023354604}.Debug|Any CPU.ActiveCfg = Debug|Any CPU
		{D852B95A-E11F-4AF7-8ABF-05D023354604}.Debug|Any CPU.Build.0 = Debug|Any CPU
		{D852B95A-E11F-4AF7-8ABF-05D023354604}.Release|Any CPU.ActiveCfg = Release|Any CPU
		{D852B95A-E11F-4AF7-8ABF-05D023354604}.Release|Any CPU.Build.0 = Release|Any CPU
	EndGlobalSection
	GlobalSection(SolutionProperties) = preSolution
		HideSolutionNode = FALSE
	EndGlobalSection
	GlobalSection(ExtensibilityGlobals) = postSolution
		SolutionGuid = {8A4799DA-A26D-4F59-87AA-CCFF4A506F61}
	EndGlobalSection
EndGlobal
